
Microsoft Visual Studio Solution File, Format Version 12.00
# Visual Studio 15
VisualStudioVersion = 15.0.27703.2047
MinimumVisualStudioVersion = 10.0.40219.1
Project("{FAE04EC0-301F-11D3-BF4B-00C04F79EFBC}") = "Consola", "Consola\Consola.csproj", "{93803A06-ACFE-474B-875C-C68C251F982E}"
EndProject
Project("{FAE04EC0-301F-11D3-BF4B-00C04F79EFBC}") = "MisClases", "MisClases\MisClases.csproj", "{1C1E9164-B7E2-4D15-8378-D67354D1F1A6}"
EndProject
Global
	GlobalSection(SolutionConfigurationPlatforms) = preSolution
		Debug|Any CPU = Debug|Any CPU
		Release|Any CPU = Release|Any CPU
	EndGlobalSection
	GlobalSection(ProjectConfigurationPlatforms) = postSolution
		{93803A06-ACFE-474B-875C-C68C251F982E}.Debug|Any CPU.ActiveCfg = Debug|Any CPU
		{93803A06-ACFE-474B-875C-C68C251F982E}.Debug|Any CPU.Build.0 = Debug|Any CPU
		{93803A06-ACFE-474B-875C-C68C251F982E}.Release|Any CPU.ActiveCfg = Release|Any CPU
		{93803A06-ACFE-474B-875C-C68C251F982E}.Release|Any CPU.Build.0 = Release|Any CPU
		{1C1E9164-B7E2-4D15-8378-D67354D1F1A6}.Debug|Any CPU.ActiveCfg = Debug|Any CPU
		{1C1E9164-B7E2-4D15-8378-D67354D1F1A6}.Debug|Any CPU.Build.0 = Debug|Any CPU
		{1C1E9164-B7E2-4D15-8378-D67354D1F1A6}.Release|Any CPU.ActiveCfg = Release|Any CPU
		{1C1E9164-B7E2-4D15-8378-D67354D1F1A6}.Release|Any CPU.Build.0 = Release|Any CPU
	EndGlobalSection
	GlobalSection(SolutionProperties) = preSolution
		HideSolutionNode = FALSE
	EndGlobalSection
	GlobalSection(ExtensibilityGlobals) = postSolution
		SolutionGuid = {A7E66D51-F8D7-4905-9DEB-2DF2C715CB82}
	EndGlobalSection
EndGlobal
