
Microsoft Visual Studio Solution File, Format Version 12.00
# Visual Studio 15
VisualStudioVersion = 15.0.27703.2047
MinimumVisualStudioVersion = 10.0.40219.1
Project("{FAE04EC0-301F-11D3-BF4B-00C04F79EFBC}") = "Clase_1", "Clase_1\Clase_1.csproj", "{A3135C60-56FB-4A8D-BFF0-37242C03DAA5}"
EndProject
Global
	GlobalSection(SolutionConfigurationPlatforms) = preSolution
		Debug|Any CPU = Debug|Any CPU
		Release|Any CPU = Release|Any CPU
	EndGlobalSection
	GlobalSection(ProjectConfigurationPlatforms) = postSolution
		{A3135C60-56FB-4A8D-BFF0-37242C03DAA5}.Debug|Any CPU.ActiveCfg = Debug|Any CPU
		{A3135C60-56FB-4A8D-BFF0-37242C03DAA5}.Debug|Any CPU.Build.0 = Debug|Any CPU
		{A3135C60-56FB-4A8D-BFF0-37242C03DAA5}.Release|Any CPU.ActiveCfg = Release|Any CPU
		{A3135C60-56FB-4A8D-BFF0-37242C03DAA5}.Release|Any CPU.Build.0 = Release|Any CPU
	EndGlobalSection
	GlobalSection(SolutionProperties) = preSolution
		HideSolutionNode = FALSE
	EndGlobalSection
	GlobalSection(ExtensibilityGlobals) = postSolution
		SolutionGuid = {CD3DC828-3C11-4040-870F-4F070D1D0C36}
	EndGlobalSection
EndGlobal
