
Microsoft Visual Studio Solution File, Format Version 12.00
# Visual Studio Version 16
VisualStudioVersion = 16.0.28803.156
MinimumVisualStudioVersion = 10.0.40219.1
Project("{FAE04EC0-301F-11D3-BF4B-00C04F79EFBC}") = "Entidades", "Entidades\Entidades.csproj", "{517DD73E-8990-43F5-8608-5A69E8227BD1}"
EndProject
Project("{FAE04EC0-301F-11D3-BF4B-00C04F79EFBC}") = "Vista", "Vista\Vista.csproj", "{6A00D301-F2DD-44A6-8F96-B26C3A08BD48}"
EndProject
Global
	GlobalSection(SolutionConfigurationPlatforms) = preSolution
		Debug|Any CPU = Debug|Any CPU
		Release|Any CPU = Release|Any CPU
	EndGlobalSection
	GlobalSection(ProjectConfigurationPlatforms) = postSolution
		{517DD73E-8990-43F5-8608-5A69E8227BD1}.Debug|Any CPU.ActiveCfg = Debug|Any CPU
		{517DD73E-8990-43F5-8608-5A69E8227BD1}.Debug|Any CPU.Build.0 = Debug|Any CPU
		{517DD73E-8990-43F5-8608-5A69E8227BD1}.Release|Any CPU.ActiveCfg = Release|Any CPU
		{517DD73E-8990-43F5-8608-5A69E8227BD1}.Release|Any CPU.Build.0 = Release|Any CPU
		{6A00D301-F2DD-44A6-8F96-B26C3A08BD48}.Debug|Any CPU.ActiveCfg = Debug|Any CPU
		{6A00D301-F2DD-44A6-8F96-B26C3A08BD48}.Debug|Any CPU.Build.0 = Debug|Any CPU
		{6A00D301-F2DD-44A6-8F96-B26C3A08BD48}.Release|Any CPU.ActiveCfg = Release|Any CPU
		{6A00D301-F2DD-44A6-8F96-B26C3A08BD48}.Release|Any CPU.Build.0 = Release|Any CPU
	EndGlobalSection
	GlobalSection(SolutionProperties) = preSolution
		HideSolutionNode = FALSE
	EndGlobalSection
	GlobalSection(ExtensibilityGlobals) = postSolution
		SolutionGuid = {0A63FA4A-2A25-4B63-B0CA-3989D237FF70}
	EndGlobalSection
EndGlobal
