
Microsoft Visual Studio Solution File, Format Version 12.00
# Visual Studio Version 16
VisualStudioVersion = 16.0.28803.156
MinimumVisualStudioVersion = 10.0.40219.1
Project("{FAE04EC0-301F-11D3-BF4B-00C04F79EFBC}") = "Consola", "Consola\Consola.csproj", "{3E341A7C-E2DE-4131-B10C-0DEFAB83CDB2}"
EndProject
Project("{FAE04EC0-301F-11D3-BF4B-00C04F79EFBC}") = "Entidades", "Entidades\Entidades.csproj", "{655856D6-BC0B-4A45-AA6F-70573C55734B}"
EndProject
Global
	GlobalSection(SolutionConfigurationPlatforms) = preSolution
		Debug|Any CPU = Debug|Any CPU
		Release|Any CPU = Release|Any CPU
	EndGlobalSection
	GlobalSection(ProjectConfigurationPlatforms) = postSolution
		{3E341A7C-E2DE-4131-B10C-0DEFAB83CDB2}.Debug|Any CPU.ActiveCfg = Debug|Any CPU
		{3E341A7C-E2DE-4131-B10C-0DEFAB83CDB2}.Debug|Any CPU.Build.0 = Debug|Any CPU
		{3E341A7C-E2DE-4131-B10C-0DEFAB83CDB2}.Release|Any CPU.ActiveCfg = Release|Any CPU
		{3E341A7C-E2DE-4131-B10C-0DEFAB83CDB2}.Release|Any CPU.Build.0 = Release|Any CPU
		{655856D6-BC0B-4A45-AA6F-70573C55734B}.Debug|Any CPU.ActiveCfg = Debug|Any CPU
		{655856D6-BC0B-4A45-AA6F-70573C55734B}.Debug|Any CPU.Build.0 = Debug|Any CPU
		{655856D6-BC0B-4A45-AA6F-70573C55734B}.Release|Any CPU.ActiveCfg = Release|Any CPU
		{655856D6-BC0B-4A45-AA6F-70573C55734B}.Release|Any CPU.Build.0 = Release|Any CPU
	EndGlobalSection
	GlobalSection(SolutionProperties) = preSolution
		HideSolutionNode = FALSE
	EndGlobalSection
	GlobalSection(ExtensibilityGlobals) = postSolution
		SolutionGuid = {2FFB2E1C-4780-4489-BAF0-46D6800004DC}
	EndGlobalSection
EndGlobal
