
Microsoft Visual Studio Solution File, Format Version 12.00
# Visual Studio 15
VisualStudioVersion = 15.0.27703.2047
MinimumVisualStudioVersion = 10.0.40219.1
Project("{FAE04EC0-301F-11D3-BF4B-00C04F79EFBC}") = "Vista", "Vista\Vista.csproj", "{A8F8F738-F450-42BE-A639-88770CC1471C}"
EndProject
Global
	GlobalSection(SolutionConfigurationPlatforms) = preSolution
		Debug|Any CPU = Debug|Any CPU
		Release|Any CPU = Release|Any CPU
	EndGlobalSection
	GlobalSection(ProjectConfigurationPlatforms) = postSolution
		{A8F8F738-F450-42BE-A639-88770CC1471C}.Debug|Any CPU.ActiveCfg = Debug|Any CPU
		{A8F8F738-F450-42BE-A639-88770CC1471C}.Debug|Any CPU.Build.0 = Debug|Any CPU
		{A8F8F738-F450-42BE-A639-88770CC1471C}.Release|Any CPU.ActiveCfg = Release|Any CPU
		{A8F8F738-F450-42BE-A639-88770CC1471C}.Release|Any CPU.Build.0 = Release|Any CPU
	EndGlobalSection
	GlobalSection(SolutionProperties) = preSolution
		HideSolutionNode = FALSE
	EndGlobalSection
	GlobalSection(ExtensibilityGlobals) = postSolution
		SolutionGuid = {86BA8672-5891-4CD7-846B-4EE6C9B0A1C8}
	EndGlobalSection
EndGlobal
